Microsoft Visual Studio Solution File, Format Version 12.00
# Visual Studio Version 17
VisualStudioVersion = 17.5.2.0
MinimumVisualStudioVersion = 10.0.40219.1
Project("{FAE04EC0-301F-11D3-BF4B-00C04F79EFBC}") = "dotnet-microservices-boilerplate", "dotnet-microservices-boilerplate.csproj", "{83FFCFE3-1299-FD53-5D5C-5F1EB6628449}"
EndProject
Global
	GlobalSection(SolutionConfigurationPlatforms) = preSolution
		Debug|Any CPU = Debug|Any CPU
		Release|Any CPU = Release|Any CPU
	EndGlobalSection
	GlobalSection(ProjectConfigurationPlatforms) = postSolution
		{83FFCFE3-1299-FD53-5D5C-5F1EB6628449}.Debug|Any CPU.ActiveCfg = Debug|Any CPU
		{83FFCFE3-1299-FD53-5D5C-5F1EB6628449}.Debug|Any CPU.Build.0 = Debug|Any CPU
		{83FFCFE3-1299-FD53-5D5C-5F1EB6628449}.Release|Any CPU.ActiveCfg = Release|Any CPU
		{83FFCFE3-1299-FD53-5D5C-5F1EB6628449}.Release|Any CPU.Build.0 = Release|Any CPU
	EndGlobalSection
	GlobalSection(SolutionProperties) = preSolution
		HideSolutionNode = FALSE
	EndGlobalSection
	GlobalSection(ExtensibilityGlobals) = postSolution
		SolutionGuid = {D8FECCC8-F4A7-4FA5-8FBA-52F89E2A3D64}
	EndGlobalSection
EndGlobal
